
Microsoft Visual Studio Solution File, Format Version 12.00
# Visual Studio 15
VisualStudioVersion = 15.0.28307.1259
MinimumVisualStudioVersion = 10.0.40219.1
Project("{FAE04EC0-301F-11D3-BF4B-00C04F79EFBC}") = "bai2", "bai2\bai2.csproj", "{05924C96-2280-4C4E-BCAB-951849AE3885}"
EndProject
Global
	GlobalSection(SolutionConfigurationPlatforms) = preSolution
		Debug|Any CPU = Debug|Any CPU
		Release|Any CPU = Release|Any CPU
	EndGlobalSection
	GlobalSection(ProjectConfigurationPlatforms) = postSolution
		{05924C96-2280-4C4E-BCAB-951849AE3885}.Debug|Any CPU.ActiveCfg = Debug|Any CPU
		{05924C96-2280-4C4E-BCAB-951849AE3885}.Debug|Any CPU.Build.0 = Debug|Any CPU
		{05924C96-2280-4C4E-BCAB-951849AE3885}.Release|Any CPU.ActiveCfg = Release|Any CPU
		{05924C96-2280-4C4E-BCAB-951849AE3885}.Release|Any CPU.Build.0 = Release|Any CPU
	EndGlobalSection
	GlobalSection(SolutionProperties) = preSolution
		HideSolutionNode = FALSE
	EndGlobalSection
	GlobalSection(ExtensibilityGlobals) = postSolution
		SolutionGuid = {F1E9E310-DEB8-4E05-9E09-F344032D7B5E}
	EndGlobalSection
EndGlobal
